
Microsoft Visual Studio Solution File, Format Version 12.00
# Visual Studio Version 17
VisualStudioVersion = 17.7.34024.191
MinimumVisualStudioVersion = 10.0.40219.1
Project("{8BC9CEB8-8B4A-11D0-8D11-00A0C91BC942}") = "第一题", "第一题\第一题.vcxproj", "{A74616EA-F9BF-46FF-BC82-3ED5F5CBA02C}"
EndProject
Project("{8BC9CEB8-8B4A-11D0-8D11-00A0C91BC942}") = "第二题", "第二题\第二题.vcxproj", "{E185114C-F2CF-4FC3-9418-E9D8A0FC9745}"
EndProject
Project("{8BC9CEB8-8B4A-11D0-8D11-00A0C91BC942}") = "第三题", "第三题\第三题.vcxproj", "{D5199A2B-3A63-4691-BBD1-C311C6955FA4}"
EndProject
Project("{8BC9CEB8-8B4A-11D0-8D11-00A0C91BC942}") = "第四题", "第四题\第四题.vcxproj", "{C5D34537-A99F-4339-85E3-CD9501D753E3}"
EndProject
Project("{8BC9CEB8-8B4A-11D0-8D11-00A0C91BC942}") = "第五题", "第五题\第五题.vcxproj", "{82ED1365-2980-49DB-ADF4-36FD9623DD19}"
EndProject
Project("{8BC9CEB8-8B4A-11D0-8D11-00A0C91BC942}") = "第六题", "第六题\第六题.vcxproj", "{D882C4B5-B2A5-4A30-9746-341720694B4B}"
EndProject
Project("{8BC9CEB8-8B4A-11D0-8D11-00A0C91BC942}") = "第七题", "第七题\第七题.vcxproj", "{4764039D-3593-48F3-A410-313D671A491F}"
EndProject
Project("{8BC9CEB8-8B4A-11D0-8D11-00A0C91BC942}") = "第八题", "第八题\第八题.vcxproj", "{698AE5E2-DEF8-4185-B3E7-A8073A84146E}"
EndProject
Project("{8BC9CEB8-8B4A-11D0-8D11-00A0C91BC942}") = "第九题", "第九题\第九题.vcxproj", "{4940E9B8-CC75-46E3-88FB-FBE977E63231}"
EndProject
Project("{8BC9CEB8-8B4A-11D0-8D11-00A0C91BC942}") = "第十题", "第十题\第十题.vcxproj", "{E2F9AE94-6E13-4C3A-AB5F-087B4AD3A18C}"
EndProject
Global
	GlobalSection(SolutionConfigurationPlatforms) = preSolution
		Debug|x64 = Debug|x64
		Debug|x86 = Debug|x86
		Release|x64 = Release|x64
		Release|x86 = Release|x86
	EndGlobalSection
	GlobalSection(ProjectConfigurationPlatforms) = postSolution
		{A74616EA-F9BF-46FF-BC82-3ED5F5CBA02C}.Debug|x64.ActiveCfg = Debug|x64
		{A74616EA-F9BF-46FF-BC82-3ED5F5CBA02C}.Debug|x64.Build.0 = Debug|x64
		{A74616EA-F9BF-46FF-BC82-3ED5F5CBA02C}.Debug|x86.ActiveCfg = Debug|Win32
		{A74616EA-F9BF-46FF-BC82-3ED5F5CBA02C}.Debug|x86.Build.0 = Debug|Win32
		{A74616EA-F9BF-46FF-BC82-3ED5F5CBA02C}.Release|x64.ActiveCfg = Release|x64
		{A74616EA-F9BF-46FF-BC82-3ED5F5CBA02C}.Release|x64.Build.0 = Release|x64
		{A74616EA-F9BF-46FF-BC82-3ED5F5CBA02C}.Release|x86.ActiveCfg = Release|Win32
		{A74616EA-F9BF-46FF-BC82-3ED5F5CBA02C}.Release|x86.Build.0 = Release|Win32
		{E185114C-F2CF-4FC3-9418-E9D8A0FC9745}.Debug|x64.ActiveCfg = Debug|x64
		{E185114C-F2CF-4FC3-9418-E9D8A0FC9745}.Debug|x64.Build.0 = Debug|x64
		{E185114C-F2CF-4FC3-9418-E9D8A0FC9745}.Debug|x86.ActiveCfg = Debug|Win32
		{E185114C-F2CF-4FC3-9418-E9D8A0FC9745}.Debug|x86.Build.0 = Debug|Win32
		{E185114C-F2CF-4FC3-9418-E9D8A0FC9745}.Release|x64.ActiveCfg = Release|x64
		{E185114C-F2CF-4FC3-9418-E9D8A0FC9745}.Release|x64.Build.0 = Release|x64
		{E185114C-F2CF-4FC3-9418-E9D8A0FC9745}.Release|x86.ActiveCfg = Release|Win32
		{E185114C-F2CF-4FC3-9418-E9D8A0FC9745}.Release|x86.Build.0 = Release|Win32
		{D5199A2B-3A63-4691-BBD1-C311C6955FA4}.Debug|x64.ActiveCfg = Debug|x64
		{D5199A2B-3A63-4691-BBD1-C311C6955FA4}.Debug|x64.Build.0 = Debug|x64
		{D5199A2B-3A63-4691-BBD1-C311C6955FA4}.Debug|x86.ActiveCfg = Debug|Win32
		{D5199A2B-3A63-4691-BBD1-C311C6955FA4}.Debug|x86.Build.0 = Debug|Win32
		{D5199A2B-3A63-4691-BBD1-C311C6955FA4}.Release|x64.ActiveCfg = Release|x64
		{D5199A2B-3A63-4691-BBD1-C311C6955FA4}.Release|x64.Build.0 = Release|x64
		{D5199A2B-3A63-4691-BBD1-C311C6955FA4}.Release|x86.ActiveCfg = Release|Win32
		{D5199A2B-3A63-4691-BBD1-C311C6955FA4}.Release|x86.Build.0 = Release|Win32
		{C5D34537-A99F-4339-85E3-CD9501D753E3}.Debug|x64.ActiveCfg = Debug|x64
		{C5D34537-A99F-4339-85E3-CD9501D753E3}.Debug|x64.Build.0 = Debug|x64
		{C5D34537-A99F-4339-85E3-CD9501D753E3}.Debug|x86.ActiveCfg = Debug|Win32
		{C5D34537-A99F-4339-85E3-CD9501D753E3}.Debug|x86.Build.0 = Debug|Win32
		{C5D34537-A99F-4339-85E3-CD9501D753E3}.Release|x64.ActiveCfg = Release|x64
		{C5D34537-A99F-4339-85E3-CD9501D753E3}.Release|x64.Build.0 = Release|x64
		{C5D34537-A99F-4339-85E3-CD9501D753E3}.Release|x86.ActiveCfg = Release|Win32
		{C5D34537-A99F-4339-85E3-CD9501D753E3}.Release|x86.Build.0 = Release|Win32
		{82ED1365-2980-49DB-ADF4-36FD9623DD19}.Debug|x64.ActiveCfg = Debug|x64
		{82ED1365-2980-49DB-ADF4-36FD9623DD19}.Debug|x64.Build.0 = Debug|x64
		{82ED1365-2980-49DB-ADF4-36FD9623DD19}.Debug|x86.ActiveCfg = Debug|Win32
		{82ED1365-2980-49DB-ADF4-36FD9623DD19}.Debug|x86.Build.0 = Debug|Win32
		{82ED1365-2980-49DB-ADF4-36FD9623DD19}.Release|x64.ActiveCfg = Release|x64
		{82ED1365-2980-49DB-ADF4-36FD9623DD19}.Release|x64.Build.0 = Release|x64
		{82ED1365-2980-49DB-ADF4-36FD9623DD19}.Release|x86.ActiveCfg = Release|Win32
		{82ED1365-2980-49DB-ADF4-36FD9623DD19}.Release|x86.Build.0 = Release|Win32
		{D882C4B5-B2A5-4A30-9746-341720694B4B}.Debug|x64.ActiveCfg = Debug|x64
		{D882C4B5-B2A5-4A30-9746-341720694B4B}.Debug|x64.Build.0 = Debug|x64
		{D882C4B5-B2A5-4A30-9746-341720694B4B}.Debug|x86.ActiveCfg = Debug|Win32
		{D882C4B5-B2A5-4A30-9746-341720694B4B}.Debug|x86.Build.0 = Debug|Win32
		{D882C4B5-B2A5-4A30-9746-341720694B4B}.Release|x64.ActiveCfg = Release|x64
		{D882C4B5-B2A5-4A30-9746-341720694B4B}.Release|x64.Build.0 = Release|x64
		{D882C4B5-B2A5-4A30-9746-341720694B4B}.Release|x86.ActiveCfg = Release|Win32
		{D882C4B5-B2A5-4A30-9746-341720694B4B}.Release|x86.Build.0 = Release|Win32
		{4764039D-3593-48F3-A410-313D671A491F}.Debug|x64.ActiveCfg = Debug|x64
		{4764039D-3593-48F3-A410-313D671A491F}.Debug|x64.Build.0 = Debug|x64
		{4764039D-3593-48F3-A410-313D671A491F}.Debug|x86.ActiveCfg = Debug|Win32
		{4764039D-3593-48F3-A410-313D671A491F}.Debug|x86.Build.0 = Debug|Win32
		{4764039D-3593-48F3-A410-313D671A491F}.Release|x64.ActiveCfg = Release|x64
		{4764039D-3593-48F3-A410-313D671A491F}.Release|x64.Build.0 = Release|x64
		{4764039D-3593-48F3-A410-313D671A491F}.Release|x86.ActiveCfg = Release|Win32
		{4764039D-3593-48F3-A410-313D671A491F}.Release|x86.Build.0 = Release|Win32
		{698AE5E2-DEF8-4185-B3E7-A8073A84146E}.Debug|x64.ActiveCfg = Debug|x64
		{698AE5E2-DEF8-4185-B3E7-A8073A84146E}.Debug|x64.Build.0 = Debug|x64
		{698AE5E2-DEF8-4185-B3E7-A8073A84146E}.Debug|x86.ActiveCfg = Debug|Win32
		{698AE5E2-DEF8-4185-B3E7-A8073A84146E}.Debug|x86.Build.0 = Debug|Win32
		{698AE5E2-DEF8-4185-B3E7-A8073A84146E}.Release|x64.ActiveCfg = Release|x64
		{698AE5E2-DEF8-4185-B3E7-A8073A84146E}.Release|x64.Build.0 = Release|x64
		{698AE5E2-DEF8-4185-B3E7-A8073A84146E}.Release|x86.ActiveCfg = Release|Win32
		{698AE5E2-DEF8-4185-B3E7-A8073A84146E}.Release|x86.Build.0 = Release|Win32
		{4940E9B8-CC75-46E3-88FB-FBE977E63231}.Debug|x64.ActiveCfg = Debug|x64
		{4940E9B8-CC75-46E3-88FB-FBE977E63231}.Debug|x64.Build.0 = Debug|x64
		{4940E9B8-CC75-46E3-88FB-FBE977E63231}.Debug|x86.ActiveCfg = Debug|Win32
		{4940E9B8-CC75-46E3-88FB-FBE977E63231}.Debug|x86.Build.0 = Debug|Win32
		{4940E9B8-CC75-46E3-88FB-FBE977E63231}.Release|x64.ActiveCfg = Release|x64
		{4940E9B8-CC75-46E3-88FB-FBE977E63231}.Release|x64.Build.0 = Release|x64
		{4940E9B8-CC75-46E3-88FB-FBE977E63231}.Release|x86.ActiveCfg = Release|Win32
		{4940E9B8-CC75-46E3-88FB-FBE977E63231}.Release|x86.Build.0 = Release|Win32
		{E2F9AE94-6E13-4C3A-AB5F-087B4AD3A18C}.Debug|x64.ActiveCfg = Debug|x64
		{E2F9AE94-6E13-4C3A-AB5F-087B4AD3A18C}.Debug|x64.Build.0 = Debug|x64
		{E2F9AE94-6E13-4C3A-AB5F-087B4AD3A18C}.Debug|x86.ActiveCfg = Debug|Win32
		{E2F9AE94-6E13-4C3A-AB5F-087B4AD3A18C}.Debug|x86.Build.0 = Debug|Win32
		{E2F9AE94-6E13-4C3A-AB5F-087B4AD3A18C}.Release|x64.ActiveCfg = Release|x64
		{E2F9AE94-6E13-4C3A-AB5F-087B4AD3A18C}.Release|x64.Build.0 = Release|x64
		{E2F9AE94-6E13-4C3A-AB5F-087B4AD3A18C}.Release|x86.ActiveCfg = Release|Win32
		{E2F9AE94-6E13-4C3A-AB5F-087B4AD3A18C}.Release|x86.Build.0 = Release|Win32
	EndGlobalSection
	GlobalSection(SolutionProperties) = preSolution
		HideSolutionNode = FALSE
	EndGlobalSection
	GlobalSection(ExtensibilityGlobals) = postSolution
		SolutionGuid = {20D120FE-5466-4CCE-9181-0790C5793451}
	EndGlobalSection
EndGlobal
